
Microsoft Visual Studio Solution File, Format Version 12.00
# Visual Studio Version 17
VisualStudioVersion = 17.8.34309.116
MinimumVisualStudioVersion = 10.0.40219.1
Project("{9A19103F-16F7-4668-BE54-9A1E7A4F7556}") = "isun", "ISunWeatherApp\isun.csproj", "{251BCD3C-029D-4C99-882D-F4357BFFBB92}"
	ProjectSection(ProjectDependencies) = postProject
		{414C5DED-41A7-41AA-AA2E-8B123CB4D68C} = {414C5DED-41A7-41AA-AA2E-8B123CB4D68C}
		{9715AC09-08A3-49E4-8CE9-F07C7DDBD9EB} = {9715AC09-08A3-49E4-8CE9-F07C7DDBD9EB}
		{C1365C7D-1810-446D-811E-9A4B6E43F85C} = {C1365C7D-1810-446D-811E-9A4B6E43F85C}
	EndProjectSection
EndProject
Project("{9A19103F-16F7-4668-BE54-9A1E7A4F7556}") = "Persistence", "Persistence\Persistence.csproj", "{414C5DED-41A7-41AA-AA2E-8B123CB4D68C}"
	ProjectSection(ProjectDependencies) = postProject
		{9715AC09-08A3-49E4-8CE9-F07C7DDBD9EB} = {9715AC09-08A3-49E4-8CE9-F07C7DDBD9EB}
	EndProjectSection
EndProject
Project("{9A19103F-16F7-4668-BE54-9A1E7A4F7556}") = "Domain", "Domain\Domain.csproj", "{C1365C7D-1810-446D-811E-9A4B6E43F85C}"
	ProjectSection(ProjectDependencies) = postProject
		{414C5DED-41A7-41AA-AA2E-8B123CB4D68C} = {414C5DED-41A7-41AA-AA2E-8B123CB4D68C}
		{9715AC09-08A3-49E4-8CE9-F07C7DDBD9EB} = {9715AC09-08A3-49E4-8CE9-F07C7DDBD9EB}
	EndProjectSection
EndProject
Project("{9A19103F-16F7-4668-BE54-9A1E7A4F7556}") = "Contracts", "Contracts\Contracts.csproj", "{9715AC09-08A3-49E4-8CE9-F07C7DDBD9EB}"
EndProject
Project("{FAE04EC0-301F-11D3-BF4B-00C04F79EFBC}") = "DomainTests", "DomainTests\DomainTests.csproj", "{B62644A1-9DB5-4CBF-A749-24A39FB2A617}"
EndProject
Global
	GlobalSection(SolutionConfigurationPlatforms) = preSolution
		Debug|Any CPU = Debug|Any CPU
		Release|Any CPU = Release|Any CPU
	EndGlobalSection
	GlobalSection(ProjectConfigurationPlatforms) = postSolution
		{251BCD3C-029D-4C99-882D-F4357BFFBB92}.Debug|Any CPU.ActiveCfg = Debug|Any CPU
		{251BCD3C-029D-4C99-882D-F4357BFFBB92}.Debug|Any CPU.Build.0 = Debug|Any CPU
		{251BCD3C-029D-4C99-882D-F4357BFFBB92}.Release|Any CPU.ActiveCfg = Release|Any CPU
		{251BCD3C-029D-4C99-882D-F4357BFFBB92}.Release|Any CPU.Build.0 = Release|Any CPU
		{414C5DED-41A7-41AA-AA2E-8B123CB4D68C}.Debug|Any CPU.ActiveCfg = Debug|Any CPU
		{414C5DED-41A7-41AA-AA2E-8B123CB4D68C}.Debug|Any CPU.Build.0 = Debug|Any CPU
		{414C5DED-41A7-41AA-AA2E-8B123CB4D68C}.Release|Any CPU.ActiveCfg = Release|Any CPU
		{414C5DED-41A7-41AA-AA2E-8B123CB4D68C}.Release|Any CPU.Build.0 = Release|Any CPU
		{C1365C7D-1810-446D-811E-9A4B6E43F85C}.Debug|Any CPU.ActiveCfg = Debug|Any CPU
		{C1365C7D-1810-446D-811E-9A4B6E43F85C}.Debug|Any CPU.Build.0 = Debug|Any CPU
		{C1365C7D-1810-446D-811E-9A4B6E43F85C}.Release|Any CPU.ActiveCfg = Release|Any CPU
		{C1365C7D-1810-446D-811E-9A4B6E43F85C}.Release|Any CPU.Build.0 = Release|Any CPU
		{9715AC09-08A3-49E4-8CE9-F07C7DDBD9EB}.Debug|Any CPU.ActiveCfg = Debug|Any CPU
		{9715AC09-08A3-49E4-8CE9-F07C7DDBD9EB}.Debug|Any CPU.Build.0 = Debug|Any CPU
		{9715AC09-08A3-49E4-8CE9-F07C7DDBD9EB}.Release|Any CPU.ActiveCfg = Release|Any CPU
		{9715AC09-08A3-49E4-8CE9-F07C7DDBD9EB}.Release|Any CPU.Build.0 = Release|Any CPU
		{B62644A1-9DB5-4CBF-A749-24A39FB2A617}.Debug|Any CPU.ActiveCfg = Debug|Any CPU
		{B62644A1-9DB5-4CBF-A749-24A39FB2A617}.Debug|Any CPU.Build.0 = Debug|Any CPU
		{B62644A1-9DB5-4CBF-A749-24A39FB2A617}.Release|Any CPU.ActiveCfg = Release|Any CPU
		{B62644A1-9DB5-4CBF-A749-24A39FB2A617}.Release|Any CPU.Build.0 = Release|Any CPU
	EndGlobalSection
	GlobalSection(SolutionProperties) = preSolution
		HideSolutionNode = FALSE
	EndGlobalSection
	GlobalSection(ExtensibilityGlobals) = postSolution
		SolutionGuid = {77BF653E-A5F5-4C33-A475-2AA66544B81F}
	EndGlobalSection
EndGlobal
